
Microsoft Visual Studio Solution File, Format Version 12.00
# Visual Studio Version 17
VisualStudioVersion = 17.11.35303.130
MinimumVisualStudioVersion = 10.0.40219.1
Project("{FAE04EC0-301F-11D3-BF4B-00C04F79EFBC}") = "SOMIOD", "SOMIOD\SOMIOD.csproj", "{9055E5D7-0859-464F-8D8A-D114AD06B846}"
EndProject
Project("{FAE04EC0-301F-11D3-BF4B-00C04F79EFBC}") = "App_A", "App_A\App_A.csproj", "{F584BF00-3DBF-4DE9-B7DC-DCE9642D8948}"
EndProject
Project("{FAE04EC0-301F-11D3-BF4B-00C04F79EFBC}") = "App_B", "App_B\App_B.csproj", "{1917F54A-C439-4352-917E-2660B30A4DDD}"
EndProject
Project("{FAE04EC0-301F-11D3-BF4B-00C04F79EFBC}") = "ApplicationManagement", "ApplicationManagement\ApplicationManagement.csproj", "{B73A62B5-39F1-4E1C-AD9D-5804E3DFB814}"
EndProject
Global
	GlobalSection(SolutionConfigurationPlatforms) = preSolution
		Debug|Any CPU = Debug|Any CPU
		Release|Any CPU = Release|Any CPU
	EndGlobalSection
	GlobalSection(ProjectConfigurationPlatforms) = postSolution
		{9055E5D7-0859-464F-8D8A-D114AD06B846}.Debug|Any CPU.ActiveCfg = Debug|Any CPU
		{9055E5D7-0859-464F-8D8A-D114AD06B846}.Debug|Any CPU.Build.0 = Debug|Any CPU
		{9055E5D7-0859-464F-8D8A-D114AD06B846}.Release|Any CPU.ActiveCfg = Release|Any CPU
		{9055E5D7-0859-464F-8D8A-D114AD06B846}.Release|Any CPU.Build.0 = Release|Any CPU
		{F584BF00-3DBF-4DE9-B7DC-DCE9642D8948}.Debug|Any CPU.ActiveCfg = Debug|Any CPU
		{F584BF00-3DBF-4DE9-B7DC-DCE9642D8948}.Debug|Any CPU.Build.0 = Debug|Any CPU
		{F584BF00-3DBF-4DE9-B7DC-DCE9642D8948}.Release|Any CPU.ActiveCfg = Release|Any CPU
		{F584BF00-3DBF-4DE9-B7DC-DCE9642D8948}.Release|Any CPU.Build.0 = Release|Any CPU
		{1917F54A-C439-4352-917E-2660B30A4DDD}.Debug|Any CPU.ActiveCfg = Debug|Any CPU
		{1917F54A-C439-4352-917E-2660B30A4DDD}.Debug|Any CPU.Build.0 = Debug|Any CPU
		{1917F54A-C439-4352-917E-2660B30A4DDD}.Release|Any CPU.ActiveCfg = Release|Any CPU
		{1917F54A-C439-4352-917E-2660B30A4DDD}.Release|Any CPU.Build.0 = Release|Any CPU
		{B73A62B5-39F1-4E1C-AD9D-5804E3DFB814}.Debug|Any CPU.ActiveCfg = Debug|Any CPU
		{B73A62B5-39F1-4E1C-AD9D-5804E3DFB814}.Debug|Any CPU.Build.0 = Debug|Any CPU
		{B73A62B5-39F1-4E1C-AD9D-5804E3DFB814}.Release|Any CPU.ActiveCfg = Release|Any CPU
		{B73A62B5-39F1-4E1C-AD9D-5804E3DFB814}.Release|Any CPU.Build.0 = Release|Any CPU
	EndGlobalSection
	GlobalSection(SolutionProperties) = preSolution
		HideSolutionNode = FALSE
	EndGlobalSection
	GlobalSection(ExtensibilityGlobals) = postSolution
		SolutionGuid = {91F16996-8400-440D-B48E-D01E65A90CD6}
	EndGlobalSection
EndGlobal
